
Microsoft Visual Studio Solution File, Format Version 12.00
# Visual Studio Version 16
VisualStudioVersion = 16.0.30907.101
MinimumVisualStudioVersion = 10.0.40219.1
Project("{FAE04EC0-301F-11D3-BF4B-00C04F79EFBC}") = "MVCPresentationLayer", "MVCPresentationLayer\MVCPresentationLayer.csproj", "{B9C0412E-0649-49C4-8D72-34EECAF8F13E}"
EndProject
Project("{FAE04EC0-301F-11D3-BF4B-00C04F79EFBC}") = "Entities", "Entities\Entities.csproj", "{BB9A9AB2-4F4E-43D4-AB24-642A5A3345DC}"
EndProject
Project("{FAE04EC0-301F-11D3-BF4B-00C04F79EFBC}") = "BusinessLogicalLayer", "BusinessLogicalLayer\BusinessLogicalLayer.csproj", "{51581BFC-D232-4900-91A7-40B9E009645D}"
EndProject
Project("{FAE04EC0-301F-11D3-BF4B-00C04F79EFBC}") = "DataAccessLayer", "DataAccessLayer\DataAccessLayer.csproj", "{CC2D414B-0A6C-4F70-BCB6-4BD334CC15F9}"
EndProject
Project("{FAE04EC0-301F-11D3-BF4B-00C04F79EFBC}") = "Common", "Common\Common.csproj", "{E9D0D50B-3F81-4DF9-923C-C3884174ABDC}"
EndProject
Global
	GlobalSection(SolutionConfigurationPlatforms) = preSolution
		Debug|Any CPU = Debug|Any CPU
		Release|Any CPU = Release|Any CPU
	EndGlobalSection
	GlobalSection(ProjectConfigurationPlatforms) = postSolution
		{B9C0412E-0649-49C4-8D72-34EECAF8F13E}.Debug|Any CPU.ActiveCfg = Debug|Any CPU
		{B9C0412E-0649-49C4-8D72-34EECAF8F13E}.Debug|Any CPU.Build.0 = Debug|Any CPU
		{B9C0412E-0649-49C4-8D72-34EECAF8F13E}.Release|Any CPU.ActiveCfg = Release|Any CPU
		{B9C0412E-0649-49C4-8D72-34EECAF8F13E}.Release|Any CPU.Build.0 = Release|Any CPU
		{BB9A9AB2-4F4E-43D4-AB24-642A5A3345DC}.Debug|Any CPU.ActiveCfg = Debug|Any CPU
		{BB9A9AB2-4F4E-43D4-AB24-642A5A3345DC}.Debug|Any CPU.Build.0 = Debug|Any CPU
		{BB9A9AB2-4F4E-43D4-AB24-642A5A3345DC}.Release|Any CPU.ActiveCfg = Release|Any CPU
		{BB9A9AB2-4F4E-43D4-AB24-642A5A3345DC}.Release|Any CPU.Build.0 = Release|Any CPU
		{51581BFC-D232-4900-91A7-40B9E009645D}.Debug|Any CPU.ActiveCfg = Debug|Any CPU
		{51581BFC-D232-4900-91A7-40B9E009645D}.Debug|Any CPU.Build.0 = Debug|Any CPU
		{51581BFC-D232-4900-91A7-40B9E009645D}.Release|Any CPU.ActiveCfg = Release|Any CPU
		{51581BFC-D232-4900-91A7-40B9E009645D}.Release|Any CPU.Build.0 = Release|Any CPU
		{CC2D414B-0A6C-4F70-BCB6-4BD334CC15F9}.Debug|Any CPU.ActiveCfg = Debug|Any CPU
		{CC2D414B-0A6C-4F70-BCB6-4BD334CC15F9}.Debug|Any CPU.Build.0 = Debug|Any CPU
		{CC2D414B-0A6C-4F70-BCB6-4BD334CC15F9}.Release|Any CPU.ActiveCfg = Release|Any CPU
		{CC2D414B-0A6C-4F70-BCB6-4BD334CC15F9}.Release|Any CPU.Build.0 = Release|Any CPU
		{E9D0D50B-3F81-4DF9-923C-C3884174ABDC}.Debug|Any CPU.ActiveCfg = Debug|Any CPU
		{E9D0D50B-3F81-4DF9-923C-C3884174ABDC}.Debug|Any CPU.Build.0 = Debug|Any CPU
		{E9D0D50B-3F81-4DF9-923C-C3884174ABDC}.Release|Any CPU.ActiveCfg = Release|Any CPU
		{E9D0D50B-3F81-4DF9-923C-C3884174ABDC}.Release|Any CPU.Build.0 = Release|Any CPU
	EndGlobalSection
	GlobalSection(SolutionProperties) = preSolution
		HideSolutionNode = FALSE
	EndGlobalSection
	GlobalSection(ExtensibilityGlobals) = postSolution
		SolutionGuid = {B8BF48AA-0153-4A93-BD81-BFDFB32C904C}
	EndGlobalSection
EndGlobal
